// !$*UTF8*$!
{
	archiveVersion = 1;
	classes = {
	};
	objectVersion = 56;
	objects = {

/* Begin PBXBuildFile section */
		EC9FA3B829FB26EF00A3D917 /* AppDelegate.swift in Sources */ = {isa = PBXBuildFile; fileRef = EC9FA3B729FB26EF00A3D917 /* AppDelegate.swift */; };
		EC9FA3BA29FB26EF00A3D917 /* SceneDelegate.swift in Sources */ = {isa = PBXBuildFile; fileRef = EC9FA3B929FB26EF00A3D917 /* SceneDelegate.swift */; };
		EC9FA3BC29FB26EF00A3D917 /* ViewController.swift in Sources */ = {isa = PBXBuildFile; fileRef = EC9FA3BB29FB26EF00A3D917 /* ViewController.swift */; };
		EC9FA3BF29FB26EF00A3D917 /* Main.storyboard in Resources */ = {isa = PBXBuildFile; fileRef = EC9FA3BD29FB26EF00A3D917 /* Main.storyboard */; };
		EC9FA3C129FB26F100A3D917 /* Assets.xcassets in Resources */ = {isa = PBXBuildFile; fileRef = EC9FA3C029FB26F100A3D917 /* Assets.xcassets */; };
		EC9FA3C429FB26F100A3D917 /* LaunchScreen.storyboard in Resources */ = {isa = PBXBuildFile; fileRef = EC9FA3C229FB26F100A3D917 /* LaunchScreen.storyboard */; };
		EC9FA3CF29FB26F100A3D917 /* Netflix_CloneTests.swift in Sources */ = {isa = PBXBuildFile; fileRef = EC9FA3CE29FB26F100A3D917 /* Netflix_CloneTests.swift */; };
		EC9FA3D929FB26F100A3D917 /* Netflix_CloneUITests.swift in Sources */ = {isa = PBXBuildFile; fileRef = EC9FA3D829FB26F100A3D917 /* Netflix_CloneUITests.swift */; };
		EC9FA3DB29FB26F100A3D917 /* Netflix_CloneUITestsLaunchTests.swift in Sources */ = {isa = PBXBuildFile; fileRef = EC9FA3DA29FB26F100A3D917 /* Netflix_CloneUITestsLaunchTests.swift */; };
/* End PBXBuildFile section */

/* Begin PBXContainerItemProxy section */
		EC9FA3CB29FB26F100A3D917 /* PBXContainerItemProxy */ = {
			isa = PBXContainerItemProxy;
			containerPortal = EC9FA3AC29FB26EF00A3D917 /* Project object */;
			proxyType = 1;
			remoteGlobalIDString = EC9FA3B329FB26EF00A3D917;
			remoteInfo = "Netflix Clone";
		};
		EC9FA3D529FB26F100A3D917 /* PBXContainerItemProxy */ = {
			isa = PBXContainerItemProxy;
			containerPortal = EC9FA3AC29FB26EF00A3D917 /* Project object */;
			proxyType = 1;
			remoteGlobalIDString = EC9FA3B329FB26EF00A3D917;
			remoteInfo = "Netflix Clone";
		};
/* End PBXContainerItemProxy section */

/* Begin PBXFileReference section */
		EC9FA3B429FB26EF00A3D917 /* Netflix Clone.app */ = {isa = PBXFileReference; explicitFileType = wrapper.application; includeInIndex = 0; path = "Netflix Clone.app"; sourceTree = BUILT_PRODUCTS_DIR; };
		EC9FA3B729FB26EF00A3D917 /* AppDelegate.swift */ = {isa = PBXFileReference; lastKnownFileType = sourcecode.swift; path = AppDelegate.swift; sourceTree = "<group>"; };
		EC9FA3B929FB26EF00A3D917 /* SceneDelegate.swift */ = {isa = PBXFileReference; lastKnownFileType = sourcecode.swift; path = SceneDelegate.swift; sourceTree = "<group>"; };
		EC9FA3BB29FB26EF00A3D917 /* ViewController.swift */ = {isa = PBXFileReference; lastKnownFileType = sourcecode.swift; path = ViewController.swift; sourceTree = "<group>"; };
		EC9FA3BE29FB26EF00A3D917 /* Base */ = {isa = PBXFileReference; lastKnownFileType = file.storyboard; name = Base; path = Base.lproj/Main.storyboard; sourceTree = "<group>"; };
		EC9FA3C029FB26F100A3D917 /* Assets.xcassets */ = {isa = PBXFileReference; lastKnownFileType = folder.assetcatalog; path = Assets.xcassets; sourceTree = "<group>"; };
		EC9FA3C329FB26F100A3D917 /* Base */ = {isa = PBXFileReference; lastKnownFileType = file.storyboard; name = Base; path = Base.lproj/LaunchScreen.storyboard; sourceTree = "<group>"; };
		EC9FA3C529FB26F100A3D917 /* Info.plist */ = {isa = PBXFileReference; lastKnownFileType = text.plist.xml; path = Info.plist; sourceTree = "<group>"; };
		EC9FA3CA29FB26F100A3D917 /* Netflix CloneTests.xctest */ = {isa = PBXFileReference; explicitFileType = wrapper.cfbundle; includeInIndex = 0; path = "Netflix CloneTests.xctest"; sourceTree = BUILT_PRODUCTS_DIR; };
		EC9FA3CE29FB26F100A3D917 /* Netflix_CloneTests.swift */ = {isa = PBXFileReference; lastKnownFileType = sourcecode.swift; path = Netflix_CloneTests.swift; sourceTree = "<group>"; };
		EC9FA3D429FB26F100A3D917 /* Netflix CloneUITests.xctest */ = {isa = PBXFileReference; explicitFileType = wrapper.cfbundle; includeInIndex = 0; path = "Netflix CloneUITests.xctest"; sourceTree = BUILT_PRODUCTS_DIR; };
		EC9FA3D829FB26F100A3D917 /* Netflix_CloneUITests.swift */ = {isa = PBXFileReference; lastKnownFileType = sourcecode.swift; path = Netflix_CloneUITests.swift; sourceTree = "<group>"; };
		EC9FA3DA29FB26F100A3D917 /* Netflix_CloneUITestsLaunchTests.swift */ = {isa = PBXFileReference; lastKnownFileType = sourcecode.swift; path = Netflix_CloneUITestsLaunchTests.swift; sourceTree = "<group>"; };
/* End PBXFileReference section */

/* Begin PBXFrameworksBuildPhase section */
		EC9FA3B129FB26EF00A3D917 /* Frameworks */ = {
			isa = PBXFrameworksBuildPhase;
			buildActionMask = 2147483647;
			files = (
			);
			runOnlyForDeploymentPostprocessing = 0;
		};
		EC9FA3C729FB26F100A3D917 /* Frameworks */ = {
			isa = PBXFrameworksBuildPhase;
			buildActionMask = 2147483647;
			files = (
			);
			runOnlyForDeploymentPostprocessing = 0;
		};
		EC9FA3D129FB26F100A3D917 /* Frameworks */ = {
			isa = PBXFrameworksBuildPhase;
			buildActionMask = 2147483647;
			files = (
			);
			runOnlyForDeploymentPostprocessing = 0;
		};
/* End PBXFrameworksBuildPhase section */

/* Begin PBXGroup section */
		EC9FA3AB29FB26EF00A3D917 = {
			isa = PBXGroup;
			children = (
				EC9FA3B629FB26EF00A3D917 /* Netflix Clone */,
				EC9FA3CD29FB26F100A3D917 /* Netflix CloneTests */,
				EC9FA3D729FB26F100A3D917 /* Netflix CloneUITests */,
				EC9FA3B529FB26EF00A3D917 /* Products */,
			);
			sourceTree = "<group>";
		};
		EC9FA3B529FB26EF00A3D917 /* Products */ = {
			isa = PBXGroup;
			children = (
				EC9FA3B429FB26EF00A3D917 /* Netflix Clone.app */,
				EC9FA3CA29FB26F100A3D917 /* Netflix CloneTests.xctest */,
				EC9FA3D429FB26F100A3D917 /* Netflix CloneUITests.xctest */,
			);
			name = Products;
			sourceTree = "<group>";
		};
		EC9FA3B629FB26EF00A3D917 /* Netflix Clone */ = {
			isa = PBXGroup;
			children = (
				EC9FA3B729FB26EF00A3D917 /* AppDelegate.swift */,
				EC9FA3B929FB26EF00A3D917 /* SceneDelegate.swift */,
				EC9FA3BB29FB26EF00A3D917 /* ViewController.swift */,
				EC9FA3BD29FB26EF00A3D917 /* Main.storyboard */,
				EC9FA3C029FB26F100A3D917 /* Assets.xcassets */,
				EC9FA3C229FB26F100A3D917 /* LaunchScreen.storyboard */,
				EC9FA3C529FB26F100A3D917 /* Info.plist */,
			);
			path = "Netflix Clone";
			sourceTree = "<group>";
		};
		EC9FA3CD29FB26F100A3D917 /* Netflix CloneTests */ = {
			isa = PBXGroup;
			children = (
				EC9FA3CE29FB26F100A3D917 /* Netflix_CloneTests.swift */,
			);
			path = "Netflix CloneTests";
			sourceTree = "<group>";
		};
		EC9FA3D729FB26F100A3D917 /* Netflix CloneUITests */ = {
			isa = PBXGroup;
			children = (
				EC9FA3D829FB26F100A3D917 /* Netflix_CloneUITests.swift */,
				EC9FA3DA29FB26F100A3D917 /* Netflix_CloneUITestsLaunchTests.swift */,
			);
			path = "Netflix CloneUITests";
			sourceTree = "<group>";
		};
/* End PBXGroup section */

/* Begin PBXNativeTarget section */
		EC9FA3B329FB26EF00A3D917 /* Netflix Clone */ = {
			isa = PBXNativeTarget;
			buildConfigurationList = EC9FA3DE29FB26F100A3D917 /* Build configuration list for PBXNativeTarget "Netflix Clone" */;
			buildPhases = (
				EC9FA3B029FB26EF00A3D917 /* Sources */,
				EC9FA3B129FB26EF00A3D917 /* Frameworks */,
				EC9FA3B229FB26EF00A3D917 /* Resources */,
			);
			buildRules = (
			);
			dependencies = (
			);
			name = "Netflix Clone";
			productName = "Netflix Clone";
			productReference = EC9FA3B429FB26EF00A3D917 /* Netflix Clone.app */;
			productType = "com.apple.product-type.application";
		};
		EC9FA3C929FB26F100A3D917 /* Netflix CloneTests */ = {
			isa = PBXNativeTarget;
			buildConfigurationList = EC9FA3E129FB26F100A3D917 /* Build configuration list for PBXNativeTarget "Netflix CloneTests" */;
			buildPhases = (
				EC9FA3C629FB26F100A3D917 /* Sources */,
				EC9FA3C729FB26F100A3D917 /* Frameworks */,
				EC9FA3C829FB26F100A3D917 /* Resources */,
			);
			buildRules = (
			);
			dependencies = (
				EC9FA3CC29FB26F100A3D917 /* PBXTargetDependency */,
			);
			name = "Netflix CloneTests";
			productName = "Netflix CloneTests";
			productReference = EC9FA3CA29FB26F100A3D917 /* Netflix CloneTests.xctest */;
			productType = "com.apple.product-type.bundle.unit-test";
		};
		EC9FA3D329FB26F100A3D917 /* Netflix CloneUITests */ = {
			isa = PBXNativeTarget;
			buildConfigurationList = EC9FA3E429FB26F100A3D917 /* Build configuration list for PBXNativeTarget "Netflix CloneUITests" */;
			buildPhases = (
				EC9FA3D029FB26F100A3D917 /* Sources */,
				EC9FA3D129FB26F100A3D917 /* Frameworks */,
				EC9FA3D229FB26F100A3D917 /* Resources */,
			);
			buildRules = (
			);
			dependencies = (
				EC9FA3D629FB26F100A3D917 /* PBXTargetDependency */,
			);
			name = "Netflix CloneUITests";
			productName = "Netflix CloneUITests";
			productReference = EC9FA3D429FB26F100A3D917 /* Netflix CloneUITests.xctest */;
			productType = "com.apple.product-type.bundle.ui-testing";
		};
/* End PBXNativeTarget section */

/* Begin PBXProject section */
		EC9FA3AC29FB26EF00A3D917 /* Project object */ = {
			isa = PBXProject;
			attributes = {
				BuildIndependentTargetsInParallel = 1;
				LastSwiftUpdateCheck = 1430;
				LastUpgradeCheck = 1430;
				TargetAttributes = {
					EC9FA3B329FB26EF00A3D917 = {
						CreatedOnToolsVersion = 14.3;
					};
					EC9FA3C929FB26F100A3D917 = {
						CreatedOnToolsVersion = 14.3;
						TestTargetID = EC9FA3B329FB26EF00A3D917;
					};
					EC9FA3D329FB26F100A3D917 = {
						CreatedOnToolsVersion = 14.3;
						TestTargetID = EC9FA3B329FB26EF00A3D917;
					};
				};
			};
			buildConfigurationList = EC9FA3AF29FB26EF00A3D917 /* Build configuration list for PBXProject "Netflix Clone" */;
			compatibilityVersion = "Xcode 14.0";
			developmentRegion = en;
			hasScannedForEncodings = 0;
			knownRegions = (
				en,
				Base,
			);
			mainGroup = EC9FA3AB29FB26EF00A3D917;
			productRefGroup = EC9FA3B529FB26EF00A3D917 /* Products */;
			projectDirPath = "";
			projectRoot = "";
			targets = (
				EC9FA3B329FB26EF00A3D917 /* Netflix Clone */,
				EC9FA3C929FB26F100A3D917 /* Netflix CloneTests */,
				EC9FA3D329FB26F100A3D917 /* Netflix CloneUITests */,
			);
		};
/* End PBXProject section */

/* Begin PBXResourcesBuildPhase section */
		EC9FA3B229FB26EF00A3D917 /* Resources */ = {
			isa = PBXResourcesBuildPhase;
			buildActionMask = 2147483647;
			files = (
				EC9FA3C429FB26F100A3D917 /* LaunchScreen.storyboard in Resources */,
				EC9FA3C129FB26F100A3D917 /* Assets.xcassets in Resources */,
				EC9FA3BF29FB26EF00A3D917 /* Main.storyboard in Resources */,
			);
			runOnlyForDeploymentPostprocessing = 0;
		};
		EC9FA3C829FB26F100A3D917 /* Resources */ = {
			isa = PBXResourcesBuildPhase;
			buildActionMask = 2147483647;
			files = (
			);
			runOnlyForDeploymentPostprocessing = 0;
		};
		EC9FA3D229FB26F100A3D917 /* Resources */ = {
			isa = PBXResourcesBuildPhase;
			buildActionMask = 2147483647;
			files = (
			);
			runOnlyForDeploymentPostprocessing = 0;
		};
/* End PBXResourcesBuildPhase section */

/* Begin PBXSourcesBuildPhase section */
		EC9FA3B029FB26EF00A3D917 /* Sources */ = {
			isa = PBXSourcesBuildPhase;
			buildActionMask = 2147483647;
			files = (
				EC9FA3BC29FB26EF00A3D917 /* ViewController.swift in Sources */,
				EC9FA3B829FB26EF00A3D917 /* AppDelegate.swift in Sources */,
				EC9FA3BA29FB26EF00A3D917 /* SceneDelegate.swift in Sources */,
			);
			runOnlyForDeploymentPostprocessing = 0;
		};
		EC9FA3C629FB26F100A3D917 /* Sources */ = {
			isa = PBXSourcesBuildPhase;
			buildActionMask = 2147483647;
			files = (
				EC9FA3CF29FB26F100A3D917 /* Netflix_CloneTests.swift in Sources */,
			);
			runOnlyForDeploymentPostprocessing = 0;
		};
		EC9FA3D029FB26F100A3D917 /* Sources */ = {
			isa = PBXSourcesBuildPhase;
			buildActionMask = 2147483647;
			files = (
				EC9FA3D929FB26F100A3D917 /* Netflix_CloneUITests.swift in Sources */,
				EC9FA3DB29FB26F100A3D917 /* Netflix_CloneUITestsLaunchTests.swift in Sources */,
			);
			runOnlyForDeploymentPostprocessing = 0;
		};
/* End PBXSourcesBuildPhase section */

/* Begin PBXTargetDependency section */
		EC9FA3CC29FB26F100A3D917 /* PBXTargetDependency */ = {
			isa = PBXTargetDependency;
			target = EC9FA3B329FB26EF00A3D917 /* Netflix Clone */;
			targetProxy = EC9FA3CB29FB26F100A3D917 /* PBXContainerItemProxy */;
		};
		EC9FA3D629FB26F100A3D917 /* PBXTargetDependency */ = {
			isa = PBXTargetDependency;
			target = EC9FA3B329FB26EF00A3D917 /* Netflix Clone */;
			targetProxy = EC9FA3D529FB26F100A3D917 /* PBXContainerItemProxy */;
		};
/* End PBXTargetDependency section */

/* Begin PBXVariantGroup section */
		EC9FA3BD29FB26EF00A3D917 /* Main.storyboard */ = {
			isa = PBXVariantGroup;
			children = (
				EC9FA3BE29FB26EF00A3D917 /* Base */,
			);
			name = Main.storyboard;
			sourceTree = "<group>";
		};
		EC9FA3C229FB26F100A3D917 /* LaunchScreen.storyboard */ = {
			isa = PBXVariantGroup;
			children = (
				EC9FA3C329FB26F100A3D917 /* Base */,
			);
			name = LaunchScreen.storyboard;
			sourceTree = "<group>";
		};
/* End PBXVariantGroup section */

/* Begin XCBuildConfiguration section */
		EC9FA3DC29FB26F100A3D917 /* Debug */ = {
			isa = XCBuildConfiguration;
			buildSettings = {
				ALWAYS_SEARCH_USER_PATHS = NO;
				CLANG_ANALYZER_NONNULL = YES;
				CLANG_ANALYZER_NUMBER_OBJECT_CONVERSION = YES_AGGRESSIVE;
				CLANG_CXX_LANGUAGE_STANDARD = "gnu++20";
				CLANG_ENABLE_MODULES = YES;
				CLANG_ENABLE_OBJC_ARC = YES;
				CLANG_ENABLE_OBJC_WEAK = YES;
				CLANG_WARN_BLOCK_CAPTURE_AUTORELEASING = YES;
				CLANG_WARN_BOOL_CONVERSION = YES;
				CLANG_WARN_COMMA = YES;
				CLANG_WARN_CONSTANT_CONVERSION = YES;
				CLANG_WARN_DEPRECATED_OBJC_IMPLEMENTATIONS = YES;
				CLANG_WARN_DIRECT_OBJC_ISA_USAGE = YES_ERROR;
				CLANG_WARN_DOCUMENTATION_COMMENTS = YES;
				CLANG_WARN_EMPTY_BODY = YES;
				CLANG_WARN_ENUM_CONVERSION = YES;
				CLANG_WARN_INFINITE_RECURSION = YES;
				CLANG_WARN_INT_CONVERSION = YES;
				CLANG_WARN_NON_LITERAL_NULL_CONVERSION = YES;
				CLANG_WARN_OBJC_IMPLICIT_RETAIN_SELF = YES;
				CLANG_WARN_OBJC_LITERAL_CONVERSION = YES;
				CLANG_WARN_OBJC_ROOT_CLASS = YES_ERROR;
				CLANG_WARN_QUOTED_INCLUDE_IN_FRAMEWORK_HEADER = YES;
				CLANG_WARN_RANGE_LOOP_ANALYSIS = YES;
				CLANG_WARN_STRICT_PROTOTYPES = YES;
				CLANG_WARN_SUSPICIOUS_MOVE = YES;
				CLANG_WARN_UNGUARDED_AVAILABILITY = YES_AGGRESSIVE;
				CLANG_WARN_UNREACHABLE_CODE = YES;
				CLANG_WARN__DUPLICATE_METHOD_MATCH = YES;
				COPY_PHASE_STRIP = NO;
				DEBUG_INFORMATION_FORMAT = dwarf;
				ENABLE_STRICT_OBJC_MSGSEND = YES;
				ENABLE_TESTABILITY = YES;
				GCC_C_LANGUAGE_STANDARD = gnu11;
				GCC_DYNAMIC_NO_PIC = NO;
				GCC_NO_COMMON_BLOCKS = YES;
				GCC_OPTIMIZATION_LEVEL = 0;
				GCC_PREPROCESSOR_DEFINITIONS = (
					"DEBUG=1",
					"$(inherited)",
				);
				GCC_WARN_64_TO_32_BIT_CONVERSION = YES;
				GCC_WARN_ABOUT_RETURN_TYPE = YES_ERROR;
				GCC_WARN_UNDECLARED_SELECTOR = YES;
				GCC_WARN_UNINITIALIZED_AUTOS = YES_AGGRESSIVE;
				GCC_WARN_UNUSED_FUNCTION = YES;
				GCC_WARN_UNUSED_VARIABLE = YES;
				IPHONEOS_DEPLOYMENT_TARGET = 16.4;
				MTL_ENABLE_DEBUG_INFO = INCLUDE_SOURCE;
				MTL_FAST_MATH = YES;
				ONLY_ACTIVE_ARCH = YES;
				SDKROOT = iphoneos;
				SWIFT_ACTIVE_COMPILATION_CONDITIONS = DEBUG;
				SWIFT_OPTIMIZATION_LEVEL = "-Onone";
			};
			name = Debug;
		};
		EC9FA3DD29FB26F100A3D917 /* Release */ = {
			isa = XCBuildConfiguration;
			buildSettings = {
				ALWAYS_SEARCH_USER_PATHS = NO;
				CLANG_ANALYZER_NONNULL = YES;
				CLANG_ANALYZER_NUMBER_OBJECT_CONVERSION = YES_AGGRESSIVE;
				CLANG_CXX_LANGUAGE_STANDARD = "gnu++20";
				CLANG_ENABLE_MODULES = YES;
				CLANG_ENABLE_OBJC_ARC = YES;
				CLANG_ENABLE_OBJC_WEAK = YES;
				CLANG_WARN_BLOCK_CAPTURE_AUTORELEASING = YES;
				CLANG_WARN_BOOL_CONVERSION = YES;
				CLANG_WARN_COMMA = YES;
				CLANG_WARN_CONSTANT_CONVERSION = YES;
				CLANG_WARN_DEPRECATED_OBJC_IMPLEMENTATIONS = YES;
				CLANG_WARN_DIRECT_OBJC_ISA_USAGE = YES_ERROR;
				CLANG_WARN_DOCUMENTATION_COMMENTS = YES;
				CLANG_WARN_EMPTY_BODY = YES;
				CLANG_WARN_ENUM_CONVERSION = YES;
				CLANG_WARN_INFINITE_RECURSION = YES;
				CLANG_WARN_INT_CONVERSION = YES;
				CLANG_WARN_NON_LITERAL_NULL_CONVERSION = YES;
				CLANG_WARN_OBJC_IMPLICIT_RETAIN_SELF = YES;
				CLANG_WARN_OBJC_LITERAL_CONVERSION = YES;
				CLANG_WARN_OBJC_ROOT_CLASS = YES_ERROR;
				CLANG_WARN_QUOTED_INCLUDE_IN_FRAMEWORK_HEADER = YES;
				CLANG_WARN_RANGE_LOOP_ANALYSIS = YES;
				CLANG_WARN_STRICT_PROTOTYPES = YES;
				CLANG_WARN_SUSPICIOUS_MOVE = YES;
				CLANG_WARN_UNGUARDED_AVAILABILITY = YES_AGGRESSIVE;
				CLANG_WARN_UNREACHABLE_CODE = YES;
				CLANG_WARN__DUPLICATE_METHOD_MATCH = YES;
				COPY_PHASE_STRIP = NO;
				DEBUG_INFORMATION_FORMAT = "dwarf-with-dsym";
				ENABLE_NS_ASSERTIONS = NO;
				ENABLE_STRICT_OBJC_MSGSEND = YES;
				GCC_C_LANGUAGE_STANDARD = gnu11;
				GCC_NO_COMMON_BLOCKS = YES;
				GCC_WARN_64_TO_32_BIT_CONVERSION = YES;
				GCC_WARN_ABOUT_RETURN_TYPE = YES_ERROR;
				GCC_WARN_UNDECLARED_SELECTOR = YES;
				GCC_WARN_UNINITIALIZED_AUTOS = YES_AGGRESSIVE;
				GCC_WARN_UNUSED_FUNCTION = YES;
				GCC_WARN_UNUSED_VARIABLE = YES;
				IPHONEOS_DEPLOYMENT_TARGET = 16.4;
				MTL_ENABLE_DEBUG_INFO = NO;
				MTL_FAST_MATH = YES;
				SDKROOT = iphoneos;
				SWIFT_COMPILATION_MODE = wholemodule;
				SWIFT_OPTIMIZATION_LEVEL = "-O";
				VALIDATE_PRODUCT = YES;
			};
			name = Release;
		};
		EC9FA3DF29FB26F100A3D917 /* Debug */ = {
			isa = XCBuildConfiguration;
			buildSettings = {
				ASSETCATALOG_COMPILER_APPICON_NAME = AppIcon;
				ASSETCATALOG_COMPILER_GLOBAL_ACCENT_COLOR_NAME = AccentColor;
				CODE_SIGN_STYLE = Automatic;
				CURRENT_PROJECT_VERSION = 1;
				DEVELOPMENT_TEAM = UWWRK765WK;
				GENERATE_INFOPLIST_FILE = YES;
				INFOPLIST_FILE = "Netflix Clone/Info.plist";
				INFOPLIST_KEY_UIApplicationSupportsIndirectInputEvents = YES;
				INFOPLIST_KEY_UILaunchStoryboardName = LaunchScreen;
				INFOPLIST_KEY_UIMainStoryboardFile = Main;
				INFOPLIST_KEY_UISupportedInterfaceOrientations_iPad = "UIInterfaceOrientationPortrait UIInterfaceOrientationPortraitUpsideDown UIInterfaceOrientationLandscapeLeft UIInterfaceOrientationLandscapeRight";
				INFOPLIST_KEY_UISupportedInterfaceOrientations_iPhone = "UIInterfaceOrientationPortrait UIInterfaceOrientationLandscapeLeft UIInterfaceOrientationLandscapeRight";
				LD_RUNPATH_SEARCH_PATHS = (
					"$(inherited)",
					"@executable_path/Frameworks",
				);
				MARKETING_VERSION = 1.0;
				PRODUCT_BUNDLE_IDENTIFIER = "com.arailymamir.Netflix-Clone";
				PRODUCT_NAME = "$(TARGET_NAME)";
				SWIFT_EMIT_LOC_STRINGS = YES;
				SWIFT_VERSION = 5.0;
				TARGETED_DEVICE_FAMILY = "1,2";
			};
			name = Debug;
		};
		EC9FA3E029FB26F100A3D917 /* Release */ = {
			isa = XCBuildConfiguration;
			buildSettings = {
				ASSETCATALOG_COMPILER_APPICON_NAME = AppIcon;
				ASSETCATALOG_COMPILER_GLOBAL_ACCENT_COLOR_NAME = AccentColor;
				CODE_SIGN_STYLE = Automatic;
				CURRENT_PROJECT_VERSION = 1;
				DEVELOPMENT_TEAM = UWWRK765WK;
				GENERATE_INFOPLIST_FILE = YES;
				INFOPLIST_FILE = "Netflix Clone/Info.plist";
				INFOPLIST_KEY_UIApplicationSupportsIndirectInputEvents = YES;
				INFOPLIST_KEY_UILaunchStoryboardName = LaunchScreen;
				INFOPLIST_KEY_UIMainStoryboardFile = Main;
				INFOPLIST_KEY_UISupportedInterfaceOrientations_iPad = "UIInterfaceOrientationPortrait UIInterfaceOrientationPortraitUpsideDown UIInterfaceOrientationLandscapeLeft UIInterfaceOrientationLandscapeRight";
				INFOPLIST_KEY_UISupportedInterfaceOrientations_iPhone = "UIInterfaceOrientationPortrait UIInterfaceOrientationLandscapeLeft UIInterfaceOrientationLandscapeRight";
				LD_RUNPATH_SEARCH_PATHS = (
					"$(inherited)",
					"@executable_path/Frameworks",
				);
				MARKETING_VERSION = 1.0;
				PRODUCT_BUNDLE_IDENTIFIER = "com.arailymamir.Netflix-Clone";
				PRODUCT_NAME = "$(TARGET_NAME)";
				SWIFT_EMIT_LOC_STRINGS = YES;
				SWIFT_VERSION = 5.0;
				TARGETED_DEVICE_FAMILY = "1,2";
			};
			name = Release;
		};
		EC9FA3E229FB26F100A3D917 /* Debug */ = {
			isa = XCBuildConfiguration;
			buildSettings = {
				ALWAYS_EMBED_SWIFT_STANDARD_LIBRARIES = YES;
				BUNDLE_LOADER = "$(TEST_HOST)";
				CODE_SIGN_STYLE = Automatic;
				CURRENT_PROJECT_VERSION = 1;
				DEVELOPMENT_TEAM = UWWRK765WK;
				GENERATE_INFOPLIST_FILE = YES;
				IPHONEOS_DEPLOYMENT_TARGET = 16.4;
				MARKETING_VERSION = 1.0;
				PRODUCT_BUNDLE_IDENTIFIER = "com.arailymamir.Netflix-CloneTests";
				PRODUCT_NAME = "$(TARGET_NAME)";
				SWIFT_EMIT_LOC_STRINGS = NO;
				SWIFT_VERSION = 5.0;
				TARGETED_DEVICE_FAMILY = "1,2";
				TEST_HOST = "$(BUILT_PRODUCTS_DIR)/Netflix Clone.app/$(BUNDLE_EXECUTABLE_FOLDER_PATH)/Netflix Clone";
			};
			name = Debug;
		};
		EC9FA3E329FB26F100A3D917 /* Release */ = {
			isa = XCBuildConfiguration;
			buildSettings = {
				ALWAYS_EMBED_SWIFT_STANDARD_LIBRARIES = YES;
				BUNDLE_LOADER = "$(TEST_HOST)";
				CODE_SIGN_STYLE = Automatic;
				CURRENT_PROJECT_VERSION = 1;
				DEVELOPMENT_TEAM = UWWRK765WK;
				GENERATE_INFOPLIST_FILE = YES;
				IPHONEOS_DEPLOYMENT_TARGET = 16.4;
				MARKETING_VERSION = 1.0;
				PRODUCT_BUNDLE_IDENTIFIER = "com.arailymamir.Netflix-CloneTests";
				PRODUCT_NAME = "$(TARGET_NAME)";
				SWIFT_EMIT_LOC_STRINGS = NO;
				SWIFT_VERSION = 5.0;
				TARGETED_DEVICE_FAMILY = "1,2";
				TEST_HOST = "$(BUILT_PRODUCTS_DIR)/Netflix Clone.app/$(BUNDLE_EXECUTABLE_FOLDER_PATH)/Netflix Clone";
			};
			name = Release;
		};
		EC9FA3E529FB26F100A3D917 /* Debug */ = {
			isa = XCBuildConfiguration;
			buildSettings = {
				ALWAYS_EMBED_SWIFT_STANDARD_LIBRARIES = YES;
				CODE_SIGN_STYLE = Automatic;
				CURRENT_PROJECT_VERSION = 1;
				DEVELOPMENT_TEAM = UWWRK765WK;
				GENERATE_INFOPLIST_FILE = YES;
				MARKETING_VERSION = 1.0;
				PRODUCT_BUNDLE_IDENTIFIER = "com.arailymamir.Netflix-CloneUITests";
				PRODUCT_NAME = "$(TARGET_NAME)";
				SWIFT_EMIT_LOC_STRINGS = NO;
				SWIFT_VERSION = 5.0;
				TARGETED_DEVICE_FAMILY = "1,2";
				TEST_TARGET_NAME = "Netflix Clone";
			};
			name = Debug;
		};
		EC9FA3E629FB26F100A3D917 /* Release */ = {
			isa = XCBuildConfiguration;
			buildSettings = {
				ALWAYS_EMBED_SWIFT_STANDARD_LIBRARIES = YES;
				CODE_SIGN_STYLE = Automatic;
				CURRENT_PROJECT_VERSION = 1;
				DEVELOPMENT_TEAM = UWWRK765WK;
				GENERATE_INFOPLIST_FILE = YES;
				MARKETING_VERSION = 1.0;
				PRODUCT_BUNDLE_IDENTIFIER = "com.arailymamir.Netflix-CloneUITests";
				PRODUCT_NAME = "$(TARGET_NAME)";
				SWIFT_EMIT_LOC_STRINGS = NO;
				SWIFT_VERSION = 5.0;
				TARGETED_DEVICE_FAMILY = "1,2";
				TEST_TARGET_NAME = "Netflix Clone";
			};
			name = Release;
		};
/* End XCBuildConfiguration section */

/* Begin XCConfigurationList section */
		EC9FA3AF29FB26EF00A3D917 /* Build configuration list for PBXProject "Netflix Clone" */ = {
			isa = XCConfigurationList;
			buildConfigurations = (
				EC9FA3DC29FB26F100A3D917 /* Debug */,
				EC9FA3DD29FB26F100A3D917 /* Release */,
			);
			defaultConfigurationIsVisible = 0;
			defaultConfigurationName = Release;
		};
		EC9FA3DE29FB26F100A3D917 /* Build configuration list for PBXNativeTarget "Netflix Clone" */ = {
			isa = XCConfigurationList;
			buildConfigurations = (
				EC9FA3DF29FB26F100A3D917 /* Debug */,
				EC9FA3E029FB26F100A3D917 /* Release */,
			);
			defaultConfigurationIsVisible = 0;
			defaultConfigurationName = Release;
		};
		EC9FA3E129FB26F100A3D917 /* Build configuration list for PBXNativeTarget "Netflix CloneTests" */ = {
			isa = XCConfigurationList;
			buildConfigurations = (
				EC9FA3E229FB26F100A3D917 /* Debug */,
				EC9FA3E329FB26F100A3D917 /* Release */,
			);
			defaultConfigurationIsVisible = 0;
			defaultConfigurationName = Release;
		};
		EC9FA3E429FB26F100A3D917 /* Build configuration list for PBXNativeTarget "Netflix CloneUITests" */ = {
			isa = XCConfigurationList;
			buildConfigurations = (
				EC9FA3E529FB26F100A3D917 /* Debug */,
				EC9FA3E629FB26F100A3D917 /* Release */,
			);
			defaultConfigurationIsVisible = 0;
			defaultConfigurationName = Release;
		};
/* End XCConfigurationList section */
	};
	rootObject = EC9FA3AC29FB26EF00A3D917 /* Project object */;
}
